
Microsoft Visual Studio Solution File, Format Version 12.00
# Visual Studio Version 17
VisualStudioVersion = 17.14.36401.2
MinimumVisualStudioVersion = 10.0.40219.1
Project("{FAE04EC0-301F-11D3-BF4B-00C04F79EFBC}") = "project windows form2", "project windows form2\project windows form2.csproj", "{17A9C202-FDAB-4939-9FA2-5F5D8D2FBA39}"
EndProject
Project("{FAE04EC0-301F-11D3-BF4B-00C04F79EFBC}") = "Genertic", "Genertic\Genertic.csproj", "{1183475A-DF06-47F2-86C7-FC1A103B1419}"
EndProject
Project("{FAE04EC0-301F-11D3-BF4B-00C04F79EFBC}") = "FileHanding", "FileHanding\FileHanding.csproj", "{6393E6EA-050A-407C-93A6-429F18E608A5}"
EndProject
Project("{FAE04EC0-301F-11D3-BF4B-00C04F79EFBC}") = "BaseBackend", "BaseBackend\BaseBackend.csproj", "{40D5E061-0D7A-4C87-8B7C-D72E30B68F75}"
EndProject
Global
	GlobalSection(SolutionConfigurationPlatforms) = preSolution
		Debug|Any CPU = Debug|Any CPU
		Release|Any CPU = Release|Any CPU
	EndGlobalSection
	GlobalSection(ProjectConfigurationPlatforms) = postSolution
		{17A9C202-FDAB-4939-9FA2-5F5D8D2FBA39}.Debug|Any CPU.ActiveCfg = Debug|Any CPU
		{17A9C202-FDAB-4939-9FA2-5F5D8D2FBA39}.Debug|Any CPU.Build.0 = Debug|Any CPU
		{17A9C202-FDAB-4939-9FA2-5F5D8D2FBA39}.Release|Any CPU.ActiveCfg = Release|Any CPU
		{17A9C202-FDAB-4939-9FA2-5F5D8D2FBA39}.Release|Any CPU.Build.0 = Release|Any CPU
		{1183475A-DF06-47F2-86C7-FC1A103B1419}.Debug|Any CPU.ActiveCfg = Debug|Any CPU
		{1183475A-DF06-47F2-86C7-FC1A103B1419}.Debug|Any CPU.Build.0 = Debug|Any CPU
		{1183475A-DF06-47F2-86C7-FC1A103B1419}.Release|Any CPU.ActiveCfg = Release|Any CPU
		{1183475A-DF06-47F2-86C7-FC1A103B1419}.Release|Any CPU.Build.0 = Release|Any CPU
		{6393E6EA-050A-407C-93A6-429F18E608A5}.Debug|Any CPU.ActiveCfg = Debug|Any CPU
		{6393E6EA-050A-407C-93A6-429F18E608A5}.Debug|Any CPU.Build.0 = Debug|Any CPU
		{6393E6EA-050A-407C-93A6-429F18E608A5}.Release|Any CPU.ActiveCfg = Release|Any CPU
		{6393E6EA-050A-407C-93A6-429F18E608A5}.Release|Any CPU.Build.0 = Release|Any CPU
		{40D5E061-0D7A-4C87-8B7C-D72E30B68F75}.Debug|Any CPU.ActiveCfg = Debug|Any CPU
		{40D5E061-0D7A-4C87-8B7C-D72E30B68F75}.Debug|Any CPU.Build.0 = Debug|Any CPU
		{40D5E061-0D7A-4C87-8B7C-D72E30B68F75}.Release|Any CPU.ActiveCfg = Release|Any CPU
		{40D5E061-0D7A-4C87-8B7C-D72E30B68F75}.Release|Any CPU.Build.0 = Release|Any CPU
	EndGlobalSection
	GlobalSection(SolutionProperties) = preSolution
		HideSolutionNode = FALSE
	EndGlobalSection
	GlobalSection(ExtensibilityGlobals) = postSolution
		SolutionGuid = {1B7F0337-81CD-47B1-8A8D-59437A8264AC}
	EndGlobalSection
EndGlobal
